hash: bcee542ae0ef222c600b21660dff8e1734590069882f503acd152bf28a32565b
updated: 2016-04-26T16:25:18.420747446+02:00
imports:
- name: github.com/cheekybits/genny
  version: 670ed678f7799e3ead194eaf9a0848920a494889
  subpackages:
  - generic
- name: github.com/davecgh/go-spew
  version: 5215b55f46b2b919f50a1df0eaa5886afe4e3b3d
  subpackages:
  - spew
- name: github.com/eapache/go-resiliency
  version: b86b1ec0dd4209a588dc1285cdd471e73525c0b3
  subpackages:
  - breaker
- name: github.com/eapache/queue
  version: ded5959c0d4e360646dc9e9908cff48666781367
- name: github.com/gin-gonic/gin
  version: 542be2fe77724f800fcab7eb6c01a4e597fb8506
  subpackages:
  - binding
  - render
- name: github.com/golang/protobuf
  version: 2402d76f3d41f928c7902a765dfc872356dd3aad
  subpackages:
  - proto
- name: github.com/golang/snappy
  version: ec642410cd033af63620b66a91ccbd3c69c2c59a
- name: github.com/heroku/instruments
  version: 28308dce46c98f50b571e34c9cc2e5994163bf6c
  repo: https://github.com/remerge/instruments
  vcs: git
  subpackages:
  - reporter
- name: github.com/juju/loggo
  version: 8477fc936adf0e382d680310047ca27e128a309a
- name: github.com/klauspost/crc32
  version: 19b0b332c9e4516a6370a0456e6182c3b5036720
- name: github.com/manucorporat/sse
  version: ee05b128a739a0fb76c7ebd3ae4810c1de808d6d
- name: github.com/pquerna/ffjson
  version: 7327d038fae6927740461371efe7f330c23c3e5f
  subpackages:
  - fflib/v1
  - fflib/v1/internal
- name: github.com/remerge/gobi
  version: 9f28b2d2ea10d1e63f0ad2faabeb901f4b569e9b
- name: github.com/remerge/rand
  version: 115b299c404a9d1cf33c6a586794f3b4a2a240af
- name: github.com/Shopify/sarama
  version: 92a286e4dde1688175cff3d2ec9b49a02838b447
- name: github.com/tylerb/graceful
  version: 9a3d4236b03bb5d26f7951134d248f9d5510d599
- name: golang.org/x/net
  version: f315505cf3349909cdf013ea56690da34e96a451
  subpackages:
  - context
  - netutil
- name: gopkg.in/go-playground/validator.v8
  version: c193cecd124b5cc722d7ee5538e945bdb3348435
- name: gopkg.in/yaml.v2
  version: a83829b6f1293c91addabc89d0571c246397bbf4
devImports: []
