hash: f38f7e672327d9341f49de752cb31110ba6e4f87d3c9dec69818b60e5f59c699
updated: 2017-04-23T06:46:02.1560166Z
imports:
- name: github.com/cheekybits/genny
  version: 9127e812e1e9e501ce899a18121d316ecb52e4ba
  subpackages:
  - generic
- name: github.com/davecgh/go-spew
  version: 346938d642f2ec3594ed81d874461961cd0faa76
  subpackages:
  - spew
- name: github.com/eapache/go-resiliency
  version: b86b1ec0dd4209a588dc1285cdd471e73525c0b3
  subpackages:
  - breaker
- name: github.com/eapache/go-xerial-snappy
  version: bb955e01b9346ac19dc29eb16586c90ded99a98c
- name: github.com/eapache/queue
  version: 44cc805cf13205b55f69e14bcb69867d1ae92f98
- name: github.com/gin-gonic/gin
  version: e2212d40c62a98b388a5eb48ecbdcf88534688ba
  subpackages:
  - binding
  - render
- name: github.com/golang/protobuf
  version: 2402d76f3d41f928c7902a765dfc872356dd3aad
  subpackages:
  - proto
- name: github.com/golang/snappy
  version: 553a641470496b2327abcac10b36396bd98e45c9
- name: github.com/google/uuid
  version: 6a5e28554805e78ea6141142aba763936c4761c0
- name: github.com/inconshreveable/mousetrap
  version: 76626ae9c91c4f2a10f34cad8ce83ea42c93bb75
- name: github.com/jinzhu/now
  version: d939ba741945c047cac69c329c5fb0d6b4a06520
- name: github.com/juju/ansiterm
  version: 35c59b9e0fe275705a71bf5d58ee293f27efbbc4
  subpackages:
  - tabwriter
- name: github.com/juju/loggo
  version: 21bc4c63e8b435779a080e39e592969b7b90b889
- name: github.com/klauspost/crc32
  version: 1bab8b35b6bb565f92cbc97939610af9369f942a
- name: github.com/lunixbochs/vtclean
  version: 4428d67a89b36ecae7998e983e5814d0d9c45a04
- name: github.com/mailru/easyjson
  version: 2af9a745a611440bab0528e5ac19b2805a1c50eb
  subpackages:
  - jlexer
  - jwriter
- name: github.com/manucorporat/sse
  version: ee05b128a739a0fb76c7ebd3ae4810c1de808d6d
- name: github.com/mattn/go-colorable
  version: ded68f7a9561c023e790de24279db7ebf473ea80
- name: github.com/mattn/go-isatty
  version: fc9e8d8ef48496124e79ae0df75490096eccf6fe
- name: github.com/pierrec/lz4
  version: f5b77fd73d83122495309c0f459b810f83cc291f
- name: github.com/pierrec/xxHash
  version: 5a004441f897722c627870a981d02b29924215fa
  subpackages:
  - xxHash32
- name: github.com/rcrowley/go-metrics
  version: e2704e165165ec55d062f5919b4b29494e9fa790
  subpackages:
  - exp
- name: github.com/remerge/gobi
  version: 443b88220b0471433f47e47f76fd71ea70280e1e
- name: github.com/remerge/rand
  version: 64a39085c6739b997da1f5d17210b005e17f5e4e
- name: github.com/Shopify/sarama
  version: a69155709624ba4cd1ea3463093ed4a8799cbff3
  repo: https://github.com/remerge/sarama
- name: github.com/spf13/cobra
  version: 10f6b9d7e1631a54ad07c5c0fb71c28a1abfd3c2
- name: github.com/spf13/pflag
  version: 2300d0f8576fe575f71aaa5b9bbe4e1b0dc2eb51
- name: github.com/tylerb/graceful
  version: d72b0151351a13d0421b763b88f791469c4f5dc7
- name: golang.org/x/net
  version: f315505cf3349909cdf013ea56690da34e96a451
  subpackages:
  - context
- name: golang.org/x/sys
  version: ea9bcade75cb975a0b9738936568ab388b845617
  subpackages:
  - unix
- name: gopkg.in/go-playground/validator.v8
  version: c193cecd124b5cc722d7ee5538e945bdb3348435
- name: gopkg.in/yaml.v2
  version: cd8b52f8269e0feb286dfeef29f8fe4d5b397e0b
testImports:
- name: github.com/gopherjs/gopherjs
  version: 265040a1352e0bb611e87f5b985bf83600c66cce
  subpackages:
  - js
- name: github.com/jtolds/gls
  version: bb0351aa7eb6f322f32667d51375f26a2bca6628
- name: github.com/smartystreets/assertions
  version: c9ee7d9e9a2aeec0bee7c4a516f3e0ad7cb7e558
  subpackages:
  - internal/go-render/render
  - internal/oglematchers
- name: github.com/smartystreets/goconvey
  version: 3bd662eac601ad6436e64776af2e112069eb2edc
  subpackages:
  - convey
  - convey/gotest
  - convey/reporting
