code.google.com/p/snappy-go #12e4b4183793ac4b061921e7980845e750679fd0
github.com/Shopify/sarama #306a77a0d23b8ce58ec71c77244b7c5140759098 !https://github.com/remerge/sarama
github.com/eapache/go-resiliency #779a811c89f2d4ca7c2cd7efe1cd350027b407bf
github.com/getsentry/raven-go #3fd636ed242c26c0f55bc9ee1fe47e1d6d2d77f7
github.com/gin-gonic/gin #9a8621cea1ac7ae0b66f912890cdae1b66f9587f !https://github.com/remerge/gin
github.com/juju/loggo #dc8e19f7c70a62a59c69c40f85b8df09ff20742c
github.com/julienschmidt/httprouter #2913780ee44a32395d9a2cf75ee6382b768f422a
github.com/mailgun/manners #38e66a3e3e920713163484c7ab57ffc39c35e257 !https://github.com/remerge/manners
github.com/rcrowley/go-metrics #0cc4314afc49917d233332bb13b93df5168744bc !https://github.com/remerge/go-metrics
